// !$*UTF8*$!
{
	archiveVersion = 1;
	classes = {
	};
	objectVersion = 46;
	objects = {

/* Begin PBXBuildFile section */
		ED57DCE81E6E6D3600B4E18F /* AppDelegate.swift in Sources */ = {isa = PBXBuildFile; fileRef = ED57DCE71E6E6D3600B4E18F /* AppDelegate.swift */; };
		ED57DCEA1E6E6D3600B4E18F /* ViewController.swift in Sources */ = {isa = PBXBuildFile; fileRef = ED57DCE91E6E6D3600B4E18F /* ViewController.swift */; };
		ED57DCED1E6E6D3600B4E18F /* Main.storyboard in Resources */ = {isa = PBXBuildFile; fileRef = ED57DCEB1E6E6D3600B4E18F /* Main.storyboard */; };
		ED57DCEF1E6E6D3600B4E18F /* Assets.xcassets in Resources */ = {isa = PBXBuildFile; fileRef = ED57DCEE1E6E6D3600B4E18F /* Assets.xcassets */; };
		ED57DCF21E6E6D3600B4E18F /* LaunchScreen.storyboard in Resources */ = {isa = PBXBuildFile; fileRef = ED57DCF01E6E6D3600B4E18F /* LaunchScreen.storyboard */; };
		ED57E29C1E6E6FB700B4E18F /* pokemon.csv in Resources */ = {isa = PBXBuildFile; fileRef = ED57E29B1E6E6FB700B4E18F /* pokemon.csv */; };
		ED57E29F1E6E6FD900B4E18F /* Pokemon.swift in Sources */ = {isa = PBXBuildFile; fileRef = ED57E29E1E6E6FD900B4E18F /* Pokemon.swift */; };
/* End PBXBuildFile section */

/* Begin PBXFileReference section */
		ED57DCE41E6E6D3600B4E18F /* Pokedex_Demo.app */ = {isa = PBXFileReference; explicitFileType = wrapper.application; includeInIndex = 0; path = Pokedex_Demo.app; sourceTree = BUILT_PRODUCTS_DIR; };
		ED57DCE71E6E6D3600B4E18F /* AppDelegate.swift */ = {isa = PBXFileReference; lastKnownFileType = sourcecode.swift; path = AppDelegate.swift; sourceTree = "<group>"; };
		ED57DCE91E6E6D3600B4E18F /* ViewController.swift */ = {isa = PBXFileReference; lastKnownFileType = sourcecode.swift; path = ViewController.swift; sourceTree = "<group>"; };
		ED57DCEC1E6E6D3600B4E18F /* Base */ = {isa = PBXFileReference; lastKnownFileType = file.storyboard; name = Base; path = Base.lproj/Main.storyboard; sourceTree = "<group>"; };
		ED57DCEE1E6E6D3600B4E18F /* Assets.xcassets */ = {isa = PBXFileReference; lastKnownFileType = folder.assetcatalog; path = Assets.xcassets; sourceTree = "<group>"; };
		ED57DCF11E6E6D3600B4E18F /* Base */ = {isa = PBXFileReference; lastKnownFileType = file.storyboard; name = Base; path = Base.lproj/LaunchScreen.storyboard; sourceTree = "<group>"; };
		ED57DCF31E6E6D3700B4E18F /* Info.plist */ = {isa = PBXFileReference; lastKnownFileType = text.plist.xml; path = Info.plist; sourceTree = "<group>"; };
		ED57E29B1E6E6FB700B4E18F /* pokemon.csv */ = {isa = PBXFileReference; fileEncoding = 4; lastKnownFileType = text; path = pokemon.csv; sourceTree = "<group>"; };
		ED57E29E1E6E6FD900B4E18F /* Pokemon.swift */ = {isa = PBXFileReference; fileEncoding = 4; lastKnownFileType = sourcecode.swift; path = Pokemon.swift; sourceTree = "<group>"; };
/* End PBXFileReference section */

/* Begin PBXFrameworksBuildPhase section */
		ED57DCE11E6E6D3600B4E18F /* Frameworks */ = {
			isa = PBXFrameworksBuildPhase;
			buildActionMask = 2147483647;
			files = (
			);
			runOnlyForDeploymentPostprocessing = 0;
		};
/* End PBXFrameworksBuildPhase section */

/* Begin PBXGroup section */
		ED57DCDB1E6E6D3600B4E18F = {
			isa = PBXGroup;
			children = (
				ED57DCE61E6E6D3600B4E18F /* Pokedex_Demo */,
				ED57DCE51E6E6D3600B4E18F /* Products */,
			);
			sourceTree = "<group>";
		};
		ED57DCE51E6E6D3600B4E18F /* Products */ = {
			isa = PBXGroup;
			children = (
				ED57DCE41E6E6D3600B4E18F /* Pokedex_Demo.app */,
			);
			name = Products;
			sourceTree = "<group>";
		};
		ED57DCE61E6E6D3600B4E18F /* Pokedex_Demo */ = {
			isa = PBXGroup;
			children = (
				ED57E29D1E6E6FC800B4E18F /* Models */,
				ED57DCE71E6E6D3600B4E18F /* AppDelegate.swift */,
				ED57DCE91E6E6D3600B4E18F /* ViewController.swift */,
				ED57DCEB1E6E6D3600B4E18F /* Main.storyboard */,
				ED57DCEE1E6E6D3600B4E18F /* Assets.xcassets */,
				ED57E29B1E6E6FB700B4E18F /* pokemon.csv */,
				ED57DCF01E6E6D3600B4E18F /* LaunchScreen.storyboard */,
				ED57DCF31E6E6D3700B4E18F /* Info.plist */,
			);
			path = Pokedex_Demo;
			sourceTree = "<group>";
		};
		ED57E29D1E6E6FC800B4E18F /* Models */ = {
			isa = PBXGroup;
			children = (
				ED57E29E1E6E6FD900B4E18F /* Pokemon.swift */,
			);
			name = Models;
			sourceTree = "<group>";
		};
/* End PBXGroup section */

/* Begin PBXNativeTarget section */
		ED57DCE31E6E6D3600B4E18F /* Pokedex_Demo */ = {
			isa = PBXNativeTarget;
			buildConfigurationList = ED57DCF61E6E6D3700B4E18F /* Build configuration list for PBXNativeTarget "Pokedex_Demo" */;
			buildPhases = (
				ED57DCE01E6E6D3600B4E18F /* Sources */,
				ED57DCE11E6E6D3600B4E18F /* Frameworks */,
				ED57DCE21E6E6D3600B4E18F /* Resources */,
			);
			buildRules = (
			);
			dependencies = (
			);
			name = Pokedex_Demo;
			productName = Pokedex_Demo;
			productReference = ED57DCE41E6E6D3600B4E18F /* Pokedex_Demo.app */;
			productType = "com.apple.product-type.application";
		};
/* End PBXNativeTarget section */

/* Begin PBXProject section */
		ED57DCDC1E6E6D3600B4E18F /* Project object */ = {
			isa = PBXProject;
			attributes = {
				LastSwiftUpdateCheck = 0820;
				LastUpgradeCheck = 0820;
				ORGANIZATIONNAME = "Adam estela";
				TargetAttributes = {
					ED57DCE31E6E6D3600B4E18F = {
						CreatedOnToolsVersion = 8.2.1;
						DevelopmentTeam = BJX73G6N8L;
						ProvisioningStyle = Automatic;
					};
				};
			};
			buildConfigurationList = ED57DCDF1E6E6D3600B4E18F /* Build configuration list for PBXProject "Pokedex_Demo" */;
			compatibilityVersion = "Xcode 3.2";
			developmentRegion = English;
			hasScannedForEncodings = 0;
			knownRegions = (
				en,
				Base,
			);
			mainGroup = ED57DCDB1E6E6D3600B4E18F;
			productRefGroup = ED57DCE51E6E6D3600B4E18F /* Products */;
			projectDirPath = "";
			projectRoot = "";
			targets = (
				ED57DCE31E6E6D3600B4E18F /* Pokedex_Demo */,
			);
		};
/* End PBXProject section */

/* Begin PBXResourcesBuildPhase section */
		ED57DCE21E6E6D3600B4E18F /* Resources */ = {
			isa = PBXResourcesBuildPhase;
			buildActionMask = 2147483647;
			files = (
				ED57DCF21E6E6D3600B4E18F /* LaunchScreen.storyboard in Resources */,
				ED57DCEF1E6E6D3600B4E18F /* Assets.xcassets in Resources */,
				ED57E29C1E6E6FB700B4E18F /* pokemon.csv in Resources */,
				ED57DCED1E6E6D3600B4E18F /* Main.storyboard in Resources */,
			);
			runOnlyForDeploymentPostprocessing = 0;
		};
/* End PBXResourcesBuildPhase section */

/* Begin PBXSourcesBuildPhase section */
		ED57DCE01E6E6D3600B4E18F /* Sources */ = {
			isa = PBXSourcesBuildPhase;
			buildActionMask = 2147483647;
			files = (
				ED57DCEA1E6E6D3600B4E18F /* ViewController.swift in Sources */,
				ED57DCE81E6E6D3600B4E18F /* AppDelegate.swift in Sources */,
				ED57E29F1E6E6FD900B4E18F /* Pokemon.swift in Sources */,
			);
			runOnlyForDeploymentPostprocessing = 0;
		};
/* End PBXSourcesBuildPhase section */

/* Begin PBXVariantGroup section */
		ED57DCEB1E6E6D3600B4E18F /* Main.storyboard */ = {
			isa = PBXVariantGroup;
			children = (
				ED57DCEC1E6E6D3600B4E18F /* Base */,
			);
			name = Main.storyboard;
			sourceTree = "<group>";
		};
		ED57DCF01E6E6D3600B4E18F /* LaunchScreen.storyboard */ = {
			isa = PBXVariantGroup;
			children = (
				ED57DCF11E6E6D3600B4E18F /* Base */,
			);
			name = LaunchScreen.storyboard;
			sourceTree = "<group>";
		};
/* End PBXVariantGroup section */

/* Begin XCBuildConfiguration section */
		ED57DCF41E6E6D3700B4E18F /* Debug */ = {
			isa = XCBuildConfiguration;
			buildSettings = {
				ALWAYS_SEARCH_USER_PATHS = NO;
				CLANG_ANALYZER_NONNULL = YES;
				CLANG_CXX_LANGUAGE_STANDARD = "gnu++0x";
				CLANG_CXX_LIBRARY = "libc++";
				CLANG_ENABLE_MODULES = YES;
				CLANG_ENABLE_OBJC_ARC = YES;
				CLANG_WARN_BOOL_CONVERSION = YES;
				CLANG_WARN_CONSTANT_CONVERSION = YES;
				CLANG_WARN_DIRECT_OBJC_ISA_USAGE = YES_ERROR;
				CLANG_WARN_DOCUMENTATION_COMMENTS = YES;
				CLANG_WARN_EMPTY_BODY = YES;
				CLANG_WARN_ENUM_CONVERSION = YES;
				CLANG_WARN_INFINITE_RECURSION = YES;
				CLANG_WARN_INT_CONVERSION = YES;
				CLANG_WARN_OBJC_ROOT_CLASS = YES_ERROR;
				CLANG_WARN_SUSPICIOUS_MOVE = YES;
				CLANG_WARN_UNREACHABLE_CODE = YES;
				CLANG_WARN__DUPLICATE_METHOD_MATCH = YES;
				"CODE_SIGN_IDENTITY[sdk=iphoneos*]" = "iPhone Developer";
				COPY_PHASE_STRIP = NO;
				DEBUG_INFORMATION_FORMAT = dwarf;
				ENABLE_STRICT_OBJC_MSGSEND = YES;
				ENABLE_TESTABILITY = YES;
				GCC_C_LANGUAGE_STANDARD = gnu99;
				GCC_DYNAMIC_NO_PIC = NO;
				GCC_NO_COMMON_BLOCKS = YES;
				GCC_OPTIMIZATION_LEVEL = 0;
				GCC_PREPROCESSOR_DEFINITIONS = (
					"DEBUG=1",
					"$(inherited)",
				);
				GCC_WARN_64_TO_32_BIT_CONVERSION = YES;
				GCC_WARN_ABOUT_RETURN_TYPE = YES_ERROR;
				GCC_WARN_UNDECLARED_SELECTOR = YES;
				GCC_WARN_UNINITIALIZED_AUTOS = YES_AGGRESSIVE;
				GCC_WARN_UNUSED_FUNCTION = YES;
				GCC_WARN_UNUSED_VARIABLE = YES;
				IPHONEOS_DEPLOYMENT_TARGET = 10.2;
				MTL_ENABLE_DEBUG_INFO = YES;
				ONLY_ACTIVE_ARCH = YES;
				SDKROOT = iphoneos;
				SWIFT_ACTIVE_COMPILATION_CONDITIONS = DEBUG;
				SWIFT_OPTIMIZATION_LEVEL = "-Onone";
				TARGETED_DEVICE_FAMILY = "1,2";
			};
			name = Debug;
		};
		ED57DCF51E6E6D3700B4E18F /* Release */ = {
			isa = XCBuildConfiguration;
			buildSettings = {
				ALWAYS_SEARCH_USER_PATHS = NO;
				CLANG_ANALYZER_NONNULL = YES;
				CLANG_CXX_LANGUAGE_STANDARD = "gnu++0x";
				CLANG_CXX_LIBRARY = "libc++";
				CLANG_ENABLE_MODULES = YES;
				CLANG_ENABLE_OBJC_ARC = YES;
				CLANG_WARN_BOOL_CONVERSION = YES;
				CLANG_WARN_CONSTANT_CONVERSION = YES;
				CLANG_WARN_DIRECT_OBJC_ISA_USAGE = YES_ERROR;
				CLANG_WARN_DOCUMENTATION_COMMENTS = YES;
				CLANG_WARN_EMPTY_BODY = YES;
				CLANG_WARN_ENUM_CONVERSION = YES;
				CLANG_WARN_INFINITE_RECURSION = YES;
				CLANG_WARN_INT_CONVERSION = YES;
				CLANG_WARN_OBJC_ROOT_CLASS = YES_ERROR;
				CLANG_WARN_SUSPICIOUS_MOVE = YES;
				CLANG_WARN_UNREACHABLE_CODE = YES;
				CLANG_WARN__DUPLICATE_METHOD_MATCH = YES;
				"CODE_SIGN_IDENTITY[sdk=iphoneos*]" = "iPhone Developer";
				COPY_PHASE_STRIP = NO;
				DEBUG_INFORMATION_FORMAT = "dwarf-with-dsym";
				ENABLE_NS_ASSERTIONS = NO;
				ENABLE_STRICT_OBJC_MSGSEND = YES;
				GCC_C_LANGUAGE_STANDARD = gnu99;
				GCC_NO_COMMON_BLOCKS = YES;
				GCC_WARN_64_TO_32_BIT_CONVERSION = YES;
				GCC_WARN_ABOUT_RETURN_TYPE = YES_ERROR;
				GCC_WARN_UNDECLARED_SELECTOR = YES;
				GCC_WARN_UNINITIALIZED_AUTOS = YES_AGGRESSIVE;
				GCC_WARN_UNUSED_FUNCTION = YES;
				GCC_WARN_UNUSED_VARIABLE = YES;
				IPHONEOS_DEPLOYMENT_TARGET = 10.2;
				MTL_ENABLE_DEBUG_INFO = NO;
				SDKROOT = iphoneos;
				SWIFT_OPTIMIZATION_LEVEL = "-Owholemodule";
				TARGETED_DEVICE_FAMILY = "1,2";
				VALIDATE_PRODUCT = YES;
			};
			name = Release;
		};
		ED57DCF71E6E6D3700B4E18F /* Debug */ = {
			isa = XCBuildConfiguration;
			buildSettings = {
				ASSETCATALOG_COMPILER_APPICON_NAME = AppIcon;
				DEVELOPMENT_TEAM = BJX73G6N8L;
				INFOPLIST_FILE = Pokedex_Demo/Info.plist;
				LD_RUNPATH_SEARCH_PATHS = "$(inherited) @executable_path/Frameworks";
				PRODUCT_BUNDLE_IDENTIFIER = "Adam.Pokedex-Demo";
				PRODUCT_NAME = "$(TARGET_NAME)";
				SWIFT_VERSION = 3.0;
			};
			name = Debug;
		};
		ED57DCF81E6E6D3700B4E18F /* Release */ = {
			isa = XCBuildConfiguration;
			buildSettings = {
				ASSETCATALOG_COMPILER_APPICON_NAME = AppIcon;
				DEVELOPMENT_TEAM = BJX73G6N8L;
				INFOPLIST_FILE = Pokedex_Demo/Info.plist;
				LD_RUNPATH_SEARCH_PATHS = "$(inherited) @executable_path/Frameworks";
				PRODUCT_BUNDLE_IDENTIFIER = "Adam.Pokedex-Demo";
				PRODUCT_NAME = "$(TARGET_NAME)";
				SWIFT_VERSION = 3.0;
			};
			name = Release;
		};
/* End XCBuildConfiguration section */

/* Begin XCConfigurationList section */
		ED57DCDF1E6E6D3600B4E18F /* Build configuration list for PBXProject "Pokedex_Demo" */ = {
			isa = XCConfigurationList;
			buildConfigurations = (
				ED57DCF41E6E6D3700B4E18F /* Debug */,
				ED57DCF51E6E6D3700B4E18F /* Release */,
			);
			defaultConfigurationIsVisible = 0;
			defaultConfigurationName = Release;
		};
		ED57DCF61E6E6D3700B4E18F /* Build configuration list for PBXNativeTarget "Pokedex_Demo" */ = {
			isa = XCConfigurationList;
			buildConfigurations = (
				ED57DCF71E6E6D3700B4E18F /* Debug */,
				ED57DCF81E6E6D3700B4E18F /* Release */,
			);
			defaultConfigurationIsVisible = 0;
		};
/* End XCConfigurationList section */
	};
	rootObject = ED57DCDC1E6E6D3600B4E18F /* Project object */;
}
